
Microsoft Visual Studio Solution File, Format Version 12.00
Project("{FAE04EC0-301F-11D3-BF4B-00C04F79EFBC}") = "Практика 1", "Практика 1\Практика 1.csproj", "{0745A976-12F1-4055-8807-7A6BD1973814}"
EndProject
Project("{FAE04EC0-301F-11D3-BF4B-00C04F79EFBC}") = "Практика 2", "Практика 2\Практика 2.csproj", "{CBC9F96E-D0C1-486A-9BD0-D4178A277F41}"
EndProject
Project("{FAE04EC0-301F-11D3-BF4B-00C04F79EFBC}") = "Практика 3", "Практика 3\Практика 3.csproj", "{A88DEFF3-2520-404A-8EDB-62FFAEBE5933}"
EndProject
Project("{FAE04EC0-301F-11D3-BF4B-00C04F79EFBC}") = "Практика 3.1", "Практика 3.1\Практика 3.1.csproj", "{AC140AC7-A13C-4641-BA34-F315D4C0622D}"
EndProject
Project("{FAE04EC0-301F-11D3-BF4B-00C04F79EFBC}") = "Практика 3.2 ДЗ", "Практика 3.2 ДЗ\Практика 3.2 ДЗ.csproj", "{95721109-AF1E-4967-8E05-9184F715D94E}"
EndProject
Project("{FAE04EC0-301F-11D3-BF4B-00C04F79EFBC}") = "Практика 4", "Практика 4\Практика 4.csproj", "{561A53B6-5475-49C4-B4B9-3428ECCD7C78}"
EndProject
Project("{FAE04EC0-301F-11D3-BF4B-00C04F79EFBC}") = "Практика 5", "Практика 5\Практика 5.csproj", "{FDED0BD7-398C-49A0-A8C7-F94978EAF548}"
EndProject
Project("{FAE04EC0-301F-11D3-BF4B-00C04F79EFBC}") = "Практика 6", "Практика 6\Практика 6.csproj", "{A0906B96-71EF-4937-8382-41962742BB63}"
EndProject
Global
	GlobalSection(SolutionConfigurationPlatforms) = preSolution
		Debug|Any CPU = Debug|Any CPU
		Release|Any CPU = Release|Any CPU
	EndGlobalSection
	GlobalSection(ProjectConfigurationPlatforms) = postSolution
		{0745A976-12F1-4055-8807-7A6BD1973814}.Debug|Any CPU.ActiveCfg = Debug|Any CPU
		{0745A976-12F1-4055-8807-7A6BD1973814}.Debug|Any CPU.Build.0 = Debug|Any CPU
		{0745A976-12F1-4055-8807-7A6BD1973814}.Release|Any CPU.ActiveCfg = Release|Any CPU
		{0745A976-12F1-4055-8807-7A6BD1973814}.Release|Any CPU.Build.0 = Release|Any CPU
		{CBC9F96E-D0C1-486A-9BD0-D4178A277F41}.Debug|Any CPU.ActiveCfg = Debug|Any CPU
		{CBC9F96E-D0C1-486A-9BD0-D4178A277F41}.Debug|Any CPU.Build.0 = Debug|Any CPU
		{CBC9F96E-D0C1-486A-9BD0-D4178A277F41}.Release|Any CPU.ActiveCfg = Release|Any CPU
		{CBC9F96E-D0C1-486A-9BD0-D4178A277F41}.Release|Any CPU.Build.0 = Release|Any CPU
		{A88DEFF3-2520-404A-8EDB-62FFAEBE5933}.Debug|Any CPU.ActiveCfg = Debug|Any CPU
		{A88DEFF3-2520-404A-8EDB-62FFAEBE5933}.Debug|Any CPU.Build.0 = Debug|Any CPU
		{A88DEFF3-2520-404A-8EDB-62FFAEBE5933}.Release|Any CPU.ActiveCfg = Release|Any CPU
		{A88DEFF3-2520-404A-8EDB-62FFAEBE5933}.Release|Any CPU.Build.0 = Release|Any CPU
		{AC140AC7-A13C-4641-BA34-F315D4C0622D}.Debug|Any CPU.ActiveCfg = Debug|Any CPU
		{AC140AC7-A13C-4641-BA34-F315D4C0622D}.Debug|Any CPU.Build.0 = Debug|Any CPU
		{AC140AC7-A13C-4641-BA34-F315D4C0622D}.Release|Any CPU.ActiveCfg = Release|Any CPU
		{AC140AC7-A13C-4641-BA34-F315D4C0622D}.Release|Any CPU.Build.0 = Release|Any CPU
		{95721109-AF1E-4967-8E05-9184F715D94E}.Debug|Any CPU.ActiveCfg = Debug|Any CPU
		{95721109-AF1E-4967-8E05-9184F715D94E}.Debug|Any CPU.Build.0 = Debug|Any CPU
		{95721109-AF1E-4967-8E05-9184F715D94E}.Release|Any CPU.ActiveCfg = Release|Any CPU
		{95721109-AF1E-4967-8E05-9184F715D94E}.Release|Any CPU.Build.0 = Release|Any CPU
		{561A53B6-5475-49C4-B4B9-3428ECCD7C78}.Debug|Any CPU.ActiveCfg = Debug|Any CPU
		{561A53B6-5475-49C4-B4B9-3428ECCD7C78}.Debug|Any CPU.Build.0 = Debug|Any CPU
		{561A53B6-5475-49C4-B4B9-3428ECCD7C78}.Release|Any CPU.ActiveCfg = Release|Any CPU
		{561A53B6-5475-49C4-B4B9-3428ECCD7C78}.Release|Any CPU.Build.0 = Release|Any CPU
		{FDED0BD7-398C-49A0-A8C7-F94978EAF548}.Debug|Any CPU.ActiveCfg = Debug|Any CPU
		{FDED0BD7-398C-49A0-A8C7-F94978EAF548}.Debug|Any CPU.Build.0 = Debug|Any CPU
		{FDED0BD7-398C-49A0-A8C7-F94978EAF548}.Release|Any CPU.ActiveCfg = Release|Any CPU
		{FDED0BD7-398C-49A0-A8C7-F94978EAF548}.Release|Any CPU.Build.0 = Release|Any CPU
		{A0906B96-71EF-4937-8382-41962742BB63}.Debug|Any CPU.ActiveCfg = Debug|Any CPU
		{A0906B96-71EF-4937-8382-41962742BB63}.Debug|Any CPU.Build.0 = Debug|Any CPU
		{A0906B96-71EF-4937-8382-41962742BB63}.Release|Any CPU.ActiveCfg = Release|Any CPU
		{A0906B96-71EF-4937-8382-41962742BB63}.Release|Any CPU.Build.0 = Release|Any CPU
	EndGlobalSection
EndGlobal
