
Microsoft Visual Studio Solution File, Format Version 12.00
Project("{FAE04EC0-301F-11D3-BF4B-00C04F79EFBC}") = "Практика 1", "Практика 1\Практика 1.csproj", "{0745A976-12F1-4055-8807-7A6BD1973814}"
EndProject
Project("{FAE04EC0-301F-11D3-BF4B-00C04F79EFBC}") = "Практика 2", "Практика 2\Практика 2.csproj", "{CBC9F96E-D0C1-486A-9BD0-D4178A277F41}"
EndProject
Project("{FAE04EC0-301F-11D3-BF4B-00C04F79EFBC}") = "Практика 3", "Практика 3\Практика 3.csproj", "{A88DEFF3-2520-404A-8EDB-62FFAEBE5933}"
EndProject
Project("{FAE04EC0-301F-11D3-BF4B-00C04F79EFBC}") = "Практика 3.1", "Практика 3.1\Практика 3.1.csproj", "{AC140AC7-A13C-4641-BA34-F315D4C0622D}"
EndProject
Project("{FAE04EC0-301F-11D3-BF4B-00C04F79EFBC}") = "Практика 3.2 ДЗ", "Практика 3.2 ДЗ\Практика 3.2 ДЗ.csproj", "{95721109-AF1E-4967-8E05-9184F715D94E}"
EndProject
Project("{FAE04EC0-301F-11D3-BF4B-00C04F79EFBC}") = "Практика 4", "Практика 4\Практика 4.csproj", "{561A53B6-5475-49C4-B4B9-3428ECCD7C78}"
EndProject
Project("{FAE04EC0-301F-11D3-BF4B-00C04F79EFBC}") = "Практика 5", "Практика 5\Практика 5.csproj", "{FDED0BD7-398C-49A0-A8C7-F94978EAF548}"
EndProject
Project("{FAE04EC0-301F-11D3-BF4B-00C04F79EFBC}") = "Практика 6", "Практика 6\Практика 6.csproj", "{A0906B96-71EF-4937-8382-41962742BB63}"
EndProject
Project("{FAE04EC0-301F-11D3-BF4B-00C04F79EFBC}") = "Практика 7", "Практика 7\Практика 7.csproj", "{21CBE7B1-ABCA-44EE-955C-C72127890404}"
EndProject
Project("{FAE04EC0-301F-11D3-BF4B-00C04F79EFBC}") = "Практика 7.1", "Практика 7.1\Практика 7.1.csproj", "{B46E3379-CF82-4453-BA2E-716594D5770F}"
EndProject
Project("{FAE04EC0-301F-11D3-BF4B-00C04F79EFBC}") = "Практика 8", "Практика 8\Практика 8.csproj", "{C71460E8-4363-48D4-9814-62EF2DF5375E}"
EndProject
Project("{FAE04EC0-301F-11D3-BF4B-00C04F79EFBC}") = "Практика 9", "Практика 9\Практика 9.csproj", "{4B063525-BD14-4EAE-B887-6360DDF47894}"
EndProject
Project("{FAE04EC0-301F-11D3-BF4B-00C04F79EFBC}") = "Фоновая 2", "Фоновая 2\Фоновая 2.csproj", "{F2B3C035-3595-4ABC-BC5C-1660C5CA5E32}"
EndProject
Project("{FAE04EC0-301F-11D3-BF4B-00C04F79EFBC}") = "Фоновая 2.2", "Фоновая 2.2\Фоновая 2.2.csproj", "{1EFA05C9-C12D-4C2C-BF18-BD7A69594978}"
EndProject
Project("{FAE04EC0-301F-11D3-BF4B-00C04F79EFBC}") = "Фоновая 3.1", "Фоновая 3.1\Фоновая 3.1.csproj", "{1CAB7D82-B916-44A2-8D59-AFC7F78168FB}"
EndProject
Project("{FAE04EC0-301F-11D3-BF4B-00C04F79EFBC}") = "Практика 10", "Практика 10\Практика 10.csproj", "{E0DB321D-EA48-42AA-8DB4-51556C3EE17E}"
EndProject
Project("{FAE04EC0-301F-11D3-BF4B-00C04F79EFBC}") = "Фоновая 3.2", "Фоновая 3.2\Фоновая 3.2.csproj", "{C5EA2430-42BD-4E8C-A1A1-E778089290BB}"
EndProject
Project("{FAE04EC0-301F-11D3-BF4B-00C04F79EFBC}") = "Практика 11", "Практика 11\Практика 11.csproj", "{A2312D31-6135-4490-AFC9-4471EE08DE64}"
EndProject
Project("{FAE04EC0-301F-11D3-BF4B-00C04F79EFBC}") = "Фоновая 3.3", "Фоновая 3.3\Фоновая 3.3.csproj", "{FEA851EC-B106-45BF-A6F4-17DB31E918FF}"
EndProject
Project("{FAE04EC0-301F-11D3-BF4B-00C04F79EFBC}") = "Строки 1", "Строки 1\Строки 1.csproj", "{53FDE018-2324-4154-927F-E873BCB88F63}"
EndProject
Project("{FAE04EC0-301F-11D3-BF4B-00C04F79EFBC}") = "Массивы 1", "Массивы 1\Массивы 1.csproj", "{FCB26610-7852-4FAD-A420-2B462E27DB5E}"
EndProject
Project("{FAE04EC0-301F-11D3-BF4B-00C04F79EFBC}") = "Практика 12", "Практика 12\Практика 12.csproj", "{32E4C75B-461D-425F-AE6B-2674171EAF99}"
EndProject
Project("{FAE04EC0-301F-11D3-BF4B-00C04F79EFBC}") = "Фоновая 4.1", "Фоновая 4.1\Фоновая 4.1.csproj", "{D8B4F9CC-8BE7-4502-895C-293E128AD883}"
EndProject
Project("{FAE04EC0-301F-11D3-BF4B-00C04F79EFBC}") = "Classwork", "Classwork\Classwork.csproj", "{5324A64E-A3D0-4627-BE8F-015D1E15FD37}"
EndProject
Global
	GlobalSection(SolutionConfigurationPlatforms) = preSolution
		Debug|Any CPU = Debug|Any CPU
		Release|Any CPU = Release|Any CPU
	EndGlobalSection
	GlobalSection(ProjectConfigurationPlatforms) = postSolution
		{0745A976-12F1-4055-8807-7A6BD1973814}.Debug|Any CPU.ActiveCfg = Debug|Any CPU
		{0745A976-12F1-4055-8807-7A6BD1973814}.Debug|Any CPU.Build.0 = Debug|Any CPU
		{0745A976-12F1-4055-8807-7A6BD1973814}.Release|Any CPU.ActiveCfg = Release|Any CPU
		{0745A976-12F1-4055-8807-7A6BD1973814}.Release|Any CPU.Build.0 = Release|Any CPU
		{CBC9F96E-D0C1-486A-9BD0-D4178A277F41}.Debug|Any CPU.ActiveCfg = Debug|Any CPU
		{CBC9F96E-D0C1-486A-9BD0-D4178A277F41}.Debug|Any CPU.Build.0 = Debug|Any CPU
		{CBC9F96E-D0C1-486A-9BD0-D4178A277F41}.Release|Any CPU.ActiveCfg = Release|Any CPU
		{CBC9F96E-D0C1-486A-9BD0-D4178A277F41}.Release|Any CPU.Build.0 = Release|Any CPU
		{A88DEFF3-2520-404A-8EDB-62FFAEBE5933}.Debug|Any CPU.ActiveCfg = Debug|Any CPU
		{A88DEFF3-2520-404A-8EDB-62FFAEBE5933}.Debug|Any CPU.Build.0 = Debug|Any CPU
		{A88DEFF3-2520-404A-8EDB-62FFAEBE5933}.Release|Any CPU.ActiveCfg = Release|Any CPU
		{A88DEFF3-2520-404A-8EDB-62FFAEBE5933}.Release|Any CPU.Build.0 = Release|Any CPU
		{AC140AC7-A13C-4641-BA34-F315D4C0622D}.Debug|Any CPU.ActiveCfg = Debug|Any CPU
		{AC140AC7-A13C-4641-BA34-F315D4C0622D}.Debug|Any CPU.Build.0 = Debug|Any CPU
		{AC140AC7-A13C-4641-BA34-F315D4C0622D}.Release|Any CPU.ActiveCfg = Release|Any CPU
		{AC140AC7-A13C-4641-BA34-F315D4C0622D}.Release|Any CPU.Build.0 = Release|Any CPU
		{95721109-AF1E-4967-8E05-9184F715D94E}.Debug|Any CPU.ActiveCfg = Debug|Any CPU
		{95721109-AF1E-4967-8E05-9184F715D94E}.Debug|Any CPU.Build.0 = Debug|Any CPU
		{95721109-AF1E-4967-8E05-9184F715D94E}.Release|Any CPU.ActiveCfg = Release|Any CPU
		{95721109-AF1E-4967-8E05-9184F715D94E}.Release|Any CPU.Build.0 = Release|Any CPU
		{561A53B6-5475-49C4-B4B9-3428ECCD7C78}.Debug|Any CPU.ActiveCfg = Debug|Any CPU
		{561A53B6-5475-49C4-B4B9-3428ECCD7C78}.Debug|Any CPU.Build.0 = Debug|Any CPU
		{561A53B6-5475-49C4-B4B9-3428ECCD7C78}.Release|Any CPU.ActiveCfg = Release|Any CPU
		{561A53B6-5475-49C4-B4B9-3428ECCD7C78}.Release|Any CPU.Build.0 = Release|Any CPU
		{FDED0BD7-398C-49A0-A8C7-F94978EAF548}.Debug|Any CPU.ActiveCfg = Debug|Any CPU
		{FDED0BD7-398C-49A0-A8C7-F94978EAF548}.Debug|Any CPU.Build.0 = Debug|Any CPU
		{FDED0BD7-398C-49A0-A8C7-F94978EAF548}.Release|Any CPU.ActiveCfg = Release|Any CPU
		{FDED0BD7-398C-49A0-A8C7-F94978EAF548}.Release|Any CPU.Build.0 = Release|Any CPU
		{A0906B96-71EF-4937-8382-41962742BB63}.Debug|Any CPU.ActiveCfg = Debug|Any CPU
		{A0906B96-71EF-4937-8382-41962742BB63}.Debug|Any CPU.Build.0 = Debug|Any CPU
		{A0906B96-71EF-4937-8382-41962742BB63}.Release|Any CPU.ActiveCfg = Release|Any CPU
		{A0906B96-71EF-4937-8382-41962742BB63}.Release|Any CPU.Build.0 = Release|Any CPU
		{21CBE7B1-ABCA-44EE-955C-C72127890404}.Debug|Any CPU.ActiveCfg = Debug|Any CPU
		{21CBE7B1-ABCA-44EE-955C-C72127890404}.Debug|Any CPU.Build.0 = Debug|Any CPU
		{21CBE7B1-ABCA-44EE-955C-C72127890404}.Release|Any CPU.ActiveCfg = Release|Any CPU
		{21CBE7B1-ABCA-44EE-955C-C72127890404}.Release|Any CPU.Build.0 = Release|Any CPU
		{B46E3379-CF82-4453-BA2E-716594D5770F}.Debug|Any CPU.ActiveCfg = Debug|Any CPU
		{B46E3379-CF82-4453-BA2E-716594D5770F}.Debug|Any CPU.Build.0 = Debug|Any CPU
		{B46E3379-CF82-4453-BA2E-716594D5770F}.Release|Any CPU.ActiveCfg = Release|Any CPU
		{B46E3379-CF82-4453-BA2E-716594D5770F}.Release|Any CPU.Build.0 = Release|Any CPU
		{C71460E8-4363-48D4-9814-62EF2DF5375E}.Debug|Any CPU.ActiveCfg = Debug|Any CPU
		{C71460E8-4363-48D4-9814-62EF2DF5375E}.Debug|Any CPU.Build.0 = Debug|Any CPU
		{C71460E8-4363-48D4-9814-62EF2DF5375E}.Release|Any CPU.ActiveCfg = Release|Any CPU
		{C71460E8-4363-48D4-9814-62EF2DF5375E}.Release|Any CPU.Build.0 = Release|Any CPU
		{4B063525-BD14-4EAE-B887-6360DDF47894}.Debug|Any CPU.ActiveCfg = Debug|Any CPU
		{4B063525-BD14-4EAE-B887-6360DDF47894}.Debug|Any CPU.Build.0 = Debug|Any CPU
		{4B063525-BD14-4EAE-B887-6360DDF47894}.Release|Any CPU.ActiveCfg = Release|Any CPU
		{4B063525-BD14-4EAE-B887-6360DDF47894}.Release|Any CPU.Build.0 = Release|Any CPU
		{F2B3C035-3595-4ABC-BC5C-1660C5CA5E32}.Debug|Any CPU.ActiveCfg = Debug|Any CPU
		{F2B3C035-3595-4ABC-BC5C-1660C5CA5E32}.Debug|Any CPU.Build.0 = Debug|Any CPU
		{F2B3C035-3595-4ABC-BC5C-1660C5CA5E32}.Release|Any CPU.ActiveCfg = Release|Any CPU
		{F2B3C035-3595-4ABC-BC5C-1660C5CA5E32}.Release|Any CPU.Build.0 = Release|Any CPU
		{1EFA05C9-C12D-4C2C-BF18-BD7A69594978}.Debug|Any CPU.ActiveCfg = Debug|Any CPU
		{1EFA05C9-C12D-4C2C-BF18-BD7A69594978}.Debug|Any CPU.Build.0 = Debug|Any CPU
		{1EFA05C9-C12D-4C2C-BF18-BD7A69594978}.Release|Any CPU.ActiveCfg = Release|Any CPU
		{1EFA05C9-C12D-4C2C-BF18-BD7A69594978}.Release|Any CPU.Build.0 = Release|Any CPU
		{1CAB7D82-B916-44A2-8D59-AFC7F78168FB}.Debug|Any CPU.ActiveCfg = Debug|Any CPU
		{1CAB7D82-B916-44A2-8D59-AFC7F78168FB}.Debug|Any CPU.Build.0 = Debug|Any CPU
		{1CAB7D82-B916-44A2-8D59-AFC7F78168FB}.Release|Any CPU.ActiveCfg = Release|Any CPU
		{1CAB7D82-B916-44A2-8D59-AFC7F78168FB}.Release|Any CPU.Build.0 = Release|Any CPU
		{E0DB321D-EA48-42AA-8DB4-51556C3EE17E}.Debug|Any CPU.ActiveCfg = Debug|Any CPU
		{E0DB321D-EA48-42AA-8DB4-51556C3EE17E}.Debug|Any CPU.Build.0 = Debug|Any CPU
		{E0DB321D-EA48-42AA-8DB4-51556C3EE17E}.Release|Any CPU.ActiveCfg = Release|Any CPU
		{E0DB321D-EA48-42AA-8DB4-51556C3EE17E}.Release|Any CPU.Build.0 = Release|Any CPU
		{C5EA2430-42BD-4E8C-A1A1-E778089290BB}.Debug|Any CPU.ActiveCfg = Debug|Any CPU
		{C5EA2430-42BD-4E8C-A1A1-E778089290BB}.Debug|Any CPU.Build.0 = Debug|Any CPU
		{C5EA2430-42BD-4E8C-A1A1-E778089290BB}.Release|Any CPU.ActiveCfg = Release|Any CPU
		{C5EA2430-42BD-4E8C-A1A1-E778089290BB}.Release|Any CPU.Build.0 = Release|Any CPU
		{A2312D31-6135-4490-AFC9-4471EE08DE64}.Debug|Any CPU.ActiveCfg = Debug|Any CPU
		{A2312D31-6135-4490-AFC9-4471EE08DE64}.Debug|Any CPU.Build.0 = Debug|Any CPU
		{A2312D31-6135-4490-AFC9-4471EE08DE64}.Release|Any CPU.ActiveCfg = Release|Any CPU
		{A2312D31-6135-4490-AFC9-4471EE08DE64}.Release|Any CPU.Build.0 = Release|Any CPU
		{FEA851EC-B106-45BF-A6F4-17DB31E918FF}.Debug|Any CPU.ActiveCfg = Debug|Any CPU
		{FEA851EC-B106-45BF-A6F4-17DB31E918FF}.Debug|Any CPU.Build.0 = Debug|Any CPU
		{FEA851EC-B106-45BF-A6F4-17DB31E918FF}.Release|Any CPU.ActiveCfg = Release|Any CPU
		{FEA851EC-B106-45BF-A6F4-17DB31E918FF}.Release|Any CPU.Build.0 = Release|Any CPU
		{53FDE018-2324-4154-927F-E873BCB88F63}.Debug|Any CPU.ActiveCfg = Debug|Any CPU
		{53FDE018-2324-4154-927F-E873BCB88F63}.Debug|Any CPU.Build.0 = Debug|Any CPU
		{53FDE018-2324-4154-927F-E873BCB88F63}.Release|Any CPU.ActiveCfg = Release|Any CPU
		{53FDE018-2324-4154-927F-E873BCB88F63}.Release|Any CPU.Build.0 = Release|Any CPU
		{FCB26610-7852-4FAD-A420-2B462E27DB5E}.Debug|Any CPU.ActiveCfg = Debug|Any CPU
		{FCB26610-7852-4FAD-A420-2B462E27DB5E}.Debug|Any CPU.Build.0 = Debug|Any CPU
		{FCB26610-7852-4FAD-A420-2B462E27DB5E}.Release|Any CPU.ActiveCfg = Release|Any CPU
		{FCB26610-7852-4FAD-A420-2B462E27DB5E}.Release|Any CPU.Build.0 = Release|Any CPU
		{32E4C75B-461D-425F-AE6B-2674171EAF99}.Debug|Any CPU.ActiveCfg = Debug|Any CPU
		{32E4C75B-461D-425F-AE6B-2674171EAF99}.Debug|Any CPU.Build.0 = Debug|Any CPU
		{32E4C75B-461D-425F-AE6B-2674171EAF99}.Release|Any CPU.ActiveCfg = Release|Any CPU
		{32E4C75B-461D-425F-AE6B-2674171EAF99}.Release|Any CPU.Build.0 = Release|Any CPU
		{D8B4F9CC-8BE7-4502-895C-293E128AD883}.Debug|Any CPU.ActiveCfg = Debug|Any CPU
		{D8B4F9CC-8BE7-4502-895C-293E128AD883}.Debug|Any CPU.Build.0 = Debug|Any CPU
		{D8B4F9CC-8BE7-4502-895C-293E128AD883}.Release|Any CPU.ActiveCfg = Release|Any CPU
		{D8B4F9CC-8BE7-4502-895C-293E128AD883}.Release|Any CPU.Build.0 = Release|Any CPU
		{5324A64E-A3D0-4627-BE8F-015D1E15FD37}.Debug|Any CPU.ActiveCfg = Debug|Any CPU
		{5324A64E-A3D0-4627-BE8F-015D1E15FD37}.Debug|Any CPU.Build.0 = Debug|Any CPU
		{5324A64E-A3D0-4627-BE8F-015D1E15FD37}.Release|Any CPU.ActiveCfg = Release|Any CPU
		{5324A64E-A3D0-4627-BE8F-015D1E15FD37}.Release|Any CPU.Build.0 = Release|Any CPU
	EndGlobalSection
EndGlobal
